{
  "lockfileVersion": 1,
  "workspaces": {
    "": {
      "dependencies": {
        "gun": "^0.2020.1240",
        "hono": "^4.7.11",
      },
    },
  },
  "packages": {
    "@peculiar/asn1-schema": ["@peculiar/asn1-schema@2.3.15", "", { "dependencies": { "asn1js": "^3.0.5", "pvtsutils": "^1.3.6", "tslib": "^2.8.1" } }, "sha512-QPeD8UA8axQREpgR5UTAfu2mqQmm97oUqahDtNdBcfj3qAnoXzFdQW+aNf/tD2WVXF8Fhmftxoj0eMIT++gX2w=="],

    "@peculiar/json-schema": ["@peculiar/json-schema@1.1.12", "", { "dependencies": { "tslib": "^2.0.0" } }, "sha512-coUfuoMeIB7B8/NMekxaDzLhaYmp0HZNPEjYRm9goRou8UZIC3z21s0sL9AWoCw4EG876QyO3kYrc61WNF9B/w=="],

    "@peculiar/webcrypto": ["@peculiar/webcrypto@1.5.0", "", { "dependencies": { "@peculiar/asn1-schema": "^2.3.8", "@peculiar/json-schema": "^1.1.12", "pvtsutils": "^1.3.5", "tslib": "^2.6.2", "webcrypto-core": "^1.8.0" } }, "sha512-BRs5XUAwiyCDQMsVA9IDvDa7UBR9gAvPHgugOeGng3YN6vJ9JYonyDc0lNczErgtCWtucjR5N7VtaonboD/ezg=="],

    "asn1js": ["asn1js@3.0.6", "", { "dependencies": { "pvtsutils": "^1.3.6", "pvutils": "^1.1.3", "tslib": "^2.8.1" } }, "sha512-UOCGPYbl0tv8+006qks/dTgV9ajs97X2p0FAbyS2iyCRrmLSRolDaHdp+v/CLgnzHc3fVB+CwYiUmei7ndFcgA=="],

    "gun": ["gun@0.2020.1240", "", { "dependencies": { "ws": "^7.2.1" }, "optionalDependencies": { "@peculiar/webcrypto": "^1.1.1" } }, "sha512-uhnyadZTywn0HHgBjS2DePqpcdwLeVm6nFeSZZBPJRltm9O8MjFPyltaxk2PBKS+O8wSZac9qlbCIriJDgQQog=="],

    "hono": ["hono@4.7.11", "", {}, "sha512-rv0JMwC0KALbbmwJDEnxvQCeJh+xbS3KEWW5PC9cMJ08Ur9xgatI0HmtgYZfOdOSOeYsp5LO2cOhdI8cLEbDEQ=="],

    "pvtsutils": ["pvtsutils@1.3.6", "", { "dependencies": { "tslib": "^2.8.1" } }, "sha512-PLgQXQ6H2FWCaeRak8vvk1GW462lMxB5s3Jm673N82zI4vqtVUPuZdffdZbPDFRoU8kAhItWFtPCWiPpp4/EDg=="],

    "pvutils": ["pvutils@1.1.3", "", {}, "sha512-pMpnA0qRdFp32b1sJl1wOJNxZLQ2cbQx+k6tjNtZ8CpvVhNqEPRgivZ2WOUev2YMajecdH7ctUPDvEe87nariQ=="],

    "tslib": ["tslib@2.8.1", "", {}, "sha512-oJFu94HQb+KVduSUQL7wnpmqnfmLsOA/nAh6b6EH0wCEoK0/mPeXU6c3wKDV83MkOuHPRHtSXKKU99IBazS/2w=="],

    "webcrypto-core": ["webcrypto-core@1.8.1", "", { "dependencies": { "@peculiar/asn1-schema": "^2.3.13", "@peculiar/json-schema": "^1.1.12", "asn1js": "^3.0.5", "pvtsutils": "^1.3.5", "tslib": "^2.7.0" } }, "sha512-P+x1MvlNCXlKbLSOY4cYrdreqPG5hbzkmawbcXLKN/mf6DZW0SdNNkZ+sjwsqVkI4A4Ko2sPZmkZtCKY58w83A=="],

    "ws": ["ws@7.5.10", "", { "peerDependencies": { "bufferutil": "^4.0.1", "utf-8-validate": "^5.0.2" }, "optionalPeers": ["bufferutil", "utf-8-validate"] }, "sha512-+dbF1tHwZpXcbOJdVOkzLDxZP1ailvSxM6ZweXTegylPny803bFhA+vqBYw4s31NSAk4S2Qz+AKXK9a4wkdjcQ=="],
  }
}
